
Microsoft Visual Studio Solution File, Format Version 12.00
# Visual Studio Version 17
VisualStudioVersion = 17.6.33723.286
MinimumVisualStudioVersion = 10.0.40219.1
Project("{9A19103F-16F7-4668-BE54-9A1E7A4F7556}") = "Persistent", "Persistent\Persistent.csproj", "{1499A7E2-CF5B-443C-9CB5-E1909DE62035}"
EndProject
Project("{FAE04EC0-301F-11D3-BF4B-00C04F79EFBC}") = "PersistentLayer", "PersistentLayer\PersistentLayer.csproj", "{6E4521AD-1836-4FA2-AE12-C5A606AB0CC2}"
EndProject
Global
	GlobalSection(SolutionConfigurationPlatforms) = preSolution
		Debug|Any CPU = Debug|Any CPU
		Release|Any CPU = Release|Any CPU
	EndGlobalSection
	GlobalSection(ProjectConfigurationPlatforms) = postSolution
		{1499A7E2-CF5B-443C-9CB5-E1909DE62035}.Debug|Any CPU.ActiveCfg = Debug|Any CPU
		{1499A7E2-CF5B-443C-9CB5-E1909DE62035}.Debug|Any CPU.Build.0 = Debug|Any CPU
		{1499A7E2-CF5B-443C-9CB5-E1909DE62035}.Release|Any CPU.ActiveCfg = Release|Any CPU
		{1499A7E2-CF5B-443C-9CB5-E1909DE62035}.Release|Any CPU.Build.0 = Release|Any CPU
		{6E4521AD-1836-4FA2-AE12-C5A606AB0CC2}.Debug|Any CPU.ActiveCfg = Debug|Any CPU
		{6E4521AD-1836-4FA2-AE12-C5A606AB0CC2}.Debug|Any CPU.Build.0 = Debug|Any CPU
		{6E4521AD-1836-4FA2-AE12-C5A606AB0CC2}.Release|Any CPU.ActiveCfg = Release|Any CPU
		{6E4521AD-1836-4FA2-AE12-C5A606AB0CC2}.Release|Any CPU.Build.0 = Release|Any CPU
	EndGlobalSection
	GlobalSection(SolutionProperties) = preSolution
		HideSolutionNode = FALSE
	EndGlobalSection
	GlobalSection(ExtensibilityGlobals) = postSolution
		SolutionGuid = {4F3778E6-6ABF-4DF0-B28D-7A6038479F9C}
	EndGlobalSection
EndGlobal
